
Microsoft Visual Studio Solution File, Format Version 12.00
# Visual Studio Version 16
VisualStudioVersion = 16.0.29905.134
MinimumVisualStudioVersion = 10.0.40219.1
Project("{9092AA53-FB77-4645-B42D-1CCCA6BD08BD}") = "Personal_Portfolio", "Personal_Portfolio\Personal_Portfolio.njsproj", "{86A82EEA-6D19-4F8E-8609-6A07624E4D68}"
EndProject
Global
	GlobalSection(SolutionConfigurationPlatforms) = preSolution
		Debug|Any CPU = Debug|Any CPU
		Release|Any CPU = Release|Any CPU
	EndGlobalSection
	GlobalSection(ProjectConfigurationPlatforms) = postSolution
		{86A82EEA-6D19-4F8E-8609-6A07624E4D68}.Debug|Any CPU.ActiveCfg = Debug|Any CPU
		{86A82EEA-6D19-4F8E-8609-6A07624E4D68}.Debug|Any CPU.Build.0 = Debug|Any CPU
		{86A82EEA-6D19-4F8E-8609-6A07624E4D68}.Release|Any CPU.ActiveCfg = Release|Any CPU
		{86A82EEA-6D19-4F8E-8609-6A07624E4D68}.Release|Any CPU.Build.0 = Release|Any CPU
	EndGlobalSection
	GlobalSection(SolutionProperties) = preSolution
		HideSolutionNode = FALSE
	EndGlobalSection
	GlobalSection(ExtensibilityGlobals) = postSolution
		SolutionGuid = {A7273BD9-B079-424E-A2B2-31DB3AF70C25}
	EndGlobalSection
EndGlobal
